
Microsoft Visual Studio Solution File, Format Version 12.00
# Visual Studio Version 17
VisualStudioVersion = 17.10.35122.118
MinimumVisualStudioVersion = 10.0.40219.1
Project("{FAE04EC0-301F-11D3-BF4B-00C04F79EFBC}") = "EcommerceAPI", "EcommerceAPI.csproj", "{990B1C9A-B5E5-47CD-A9BF-05F59037CFE2}"
EndProject
Global
	GlobalSection(SolutionConfigurationPlatforms) = preSolution
		Debug|Any CPU = Debug|Any CPU
		Release|Any CPU = Release|Any CPU
	EndGlobalSection
	GlobalSection(ProjectConfigurationPlatforms) = postSolution
		{990B1C9A-B5E5-47CD-A9BF-05F59037CFE2}.Debug|Any CPU.ActiveCfg = Debug|Any CPU
		{990B1C9A-B5E5-47CD-A9BF-05F59037CFE2}.Debug|Any CPU.Build.0 = Debug|Any CPU
		{990B1C9A-B5E5-47CD-A9BF-05F59037CFE2}.Release|Any CPU.ActiveCfg = Release|Any CPU
		{990B1C9A-B5E5-47CD-A9BF-05F59037CFE2}.Release|Any CPU.Build.0 = Release|Any CPU
	EndGlobalSection
	GlobalSection(SolutionProperties) = preSolution
		HideSolutionNode = FALSE
	EndGlobalSection
	GlobalSection(ExtensibilityGlobals) = postSolution
		SolutionGuid = {B6D3FDDF-D950-4C81-818D-BABC920ABFAC}
	EndGlobalSection
EndGlobal
